// !$*UTF8*$!
{
	archiveVersion = 1;
	classes = {
	};
	objectVersion = 50;
	objects = {

/* Begin PBXBuildFile section */
		7935F1D724D4B4F70060C16F /* ColorExtension.swift in Sources */ = {isa = PBXBuildFile; fileRef = 7935F1D624D4B4F70060C16F /* ColorExtension.swift */; };
		7935F1D924D4B51D0060C16F /* UIColorExtension.swift in Sources */ = {isa = PBXBuildFile; fileRef = 7935F1D824D4B51D0060C16F /* UIColorExtension.swift */; };
		7935F1DB24D4B5230060C16F /* LinearGradientExtension.swift in Sources */ = {isa = PBXBuildFile; fileRef = 7935F1DA24D4B5230060C16F /* LinearGradientExtension.swift */; };
		793BC03624D81562009539D3 /* View+Borders.swift in Sources */ = {isa = PBXBuildFile; fileRef = 793BC03524D81562009539D3 /* View+Borders.swift */; };
		793BC03824D82756009539D3 /* View+InverseMask.swift in Sources */ = {isa = PBXBuildFile; fileRef = 793BC03724D82756009539D3 /* View+InverseMask.swift */; };
		7948C97924D2EFC3000288EE /* TileView.swift in Sources */ = {isa = PBXBuildFile; fileRef = 7948C97824D2EFC3000288EE /* TileView.swift */; };
		796EB35924D44703003A726D /* Array+IndexesOf.swift in Sources */ = {isa = PBXBuildFile; fileRef = 796EB35824D44703003A726D /* Array+IndexesOf.swift */; };
		796EB35B24D46B57003A726D /* Record.swift in Sources */ = {isa = PBXBuildFile; fileRef = 796EB35A24D46B57003A726D /* Record.swift */; };
		7982668924D9868C002F7FC3 /* Localizable.strings in Resources */ = {isa = PBXBuildFile; fileRef = 7982668B24D9868C002F7FC3 /* Localizable.strings */; };
		7982668C24D98691002F7FC3 /* Localizable.strings in Resources */ = {isa = PBXBuildFile; fileRef = 7982668E24D98691002F7FC3 /* Localizable.strings */; };
		79918C5C24D95E5000E92D35 /* Loading.swift in Sources */ = {isa = PBXBuildFile; fileRef = 79918C5B24D95E5000E92D35 /* Loading.swift */; };
		79B3765624D1A48D0022D036 /* 2048App.swift in Sources */ = {isa = PBXBuildFile; fileRef = 79B3765524D1A48D0022D036 /* 2048App.swift */; };
		79B3765824D1A48D0022D036 /* MainScreen.swift in Sources */ = {isa = PBXBuildFile; fileRef = 79B3765724D1A48D0022D036 /* MainScreen.swift */; };
		79B3765A24D1A4900022D036 /* Assets.xcassets in Resources */ = {isa = PBXBuildFile; fileRef = 79B3765924D1A4900022D036 /* Assets.xcassets */; };
		79B3765D24D1A4900022D036 /* Preview Assets.xcassets in Resources */ = {isa = PBXBuildFile; fileRef = 79B3765C24D1A4900022D036 /* Preview Assets.xcassets */; };
		79B3766824D1A4910022D036 /* _048Tests.swift in Sources */ = {isa = PBXBuildFile; fileRef = 79B3766724D1A4910022D036 /* _048Tests.swift */; };
		79B3767324D1A4910022D036 /* _048UITests.swift in Sources */ = {isa = PBXBuildFile; fileRef = 79B3767224D1A4910022D036 /* _048UITests.swift */; };
		79B3768224D1B93A0022D036 /* Board.swift in Sources */ = {isa = PBXBuildFile; fileRef = 79B3768124D1B93A0022D036 /* Board.swift */; };
		79B3768424D1B9480022D036 /* Tile.swift in Sources */ = {isa = PBXBuildFile; fileRef = 79B3768324D1B9480022D036 /* Tile.swift */; };
		79B3768724D1B9680022D036 /* GameEngine.swift in Sources */ = {isa = PBXBuildFile; fileRef = 79B3768624D1B9680022D036 /* GameEngine.swift */; };
		79CC301F24D31DB100C224E6 /* LeaderBoard.swift in Sources */ = {isa = PBXBuildFile; fileRef = 79CC301E24D31DB100C224E6 /* LeaderBoard.swift */; };
		79CC302124D31E8100C224E6 /* OptionsScreen.swift in Sources */ = {isa = PBXBuildFile; fileRef = 79CC302024D31E8100C224E6 /* OptionsScreen.swift */; };
		B12E9C2E138749223F61A78B /* Pods_2048Tests.framework in Frameworks */ = {isa = PBXBuildFile; fileRef = C27F2A170108ACE5A8BC6CD4 /* Pods_2048Tests.framework */; };
		B6FD5B590B6574DC0707BF06 /* Pods_2048_2048UITests.framework in Frameworks */ = {isa = PBXBuildFile; fileRef = F894B6A9744F0221A6AE8234 /* Pods_2048_2048UITests.framework */; };
		EACDB890D2A3FC008C0420BF /* Pods_2048.framework in Frameworks */ = {isa = PBXBuildFile; fileRef = 3C78FEA7BD13BB752A4E6C5F /* Pods_2048.framework */; };
/* End PBXBuildFile section */

/* Begin PBXContainerItemProxy section */
		79B3766424D1A4910022D036 /* PBXContainerItemProxy */ = {
			isa = PBXContainerItemProxy;
			containerPortal = 79B3764A24D1A48D0022D036 /* Project object */;
			proxyType = 1;
			remoteGlobalIDString = 79B3765124D1A48D0022D036;
			remoteInfo = 2048;
		};
		79B3766F24D1A4910022D036 /* PBXContainerItemProxy */ = {
			isa = PBXContainerItemProxy;
			containerPortal = 79B3764A24D1A48D0022D036 /* Project object */;
			proxyType = 1;
			remoteGlobalIDString = 79B3765124D1A48D0022D036;
			remoteInfo = 2048;
		};
/* End PBXContainerItemProxy section */

/* Begin PBXFileReference section */
		00E8776D41CD46F877336AA7 /* Pods-2048-2048UITests.release.xcconfig */ = {isa = PBXFileReference; includeInIndex = 1; lastKnownFileType = text.xcconfig; name = "Pods-2048-2048UITests.release.xcconfig"; path = "Target Support Files/Pods-2048-2048UITests/Pods-2048-2048UITests.release.xcconfig"; sourceTree = "<group>"; };
		36F006C2EB618AF192579FD0 /* Pods-2048-2048UITests.debug.xcconfig */ = {isa = PBXFileReference; includeInIndex = 1; lastKnownFileType = text.xcconfig; name = "Pods-2048-2048UITests.debug.xcconfig"; path = "Target Support Files/Pods-2048-2048UITests/Pods-2048-2048UITests.debug.xcconfig"; sourceTree = "<group>"; };
		3C78FEA7BD13BB752A4E6C5F /* Pods_2048.framework */ = {isa = PBXFileReference; explicitFileType = wrapper.framework; includeInIndex = 0; path = Pods_2048.framework; sourceTree = BUILT_PRODUCTS_DIR; };
		6825FDE4BCB9CC8FB858AF2C /* Pods-2048Tests.debug.xcconfig */ = {isa = PBXFileReference; includeInIndex = 1; lastKnownFileType = text.xcconfig; name = "Pods-2048Tests.debug.xcconfig"; path = "Target Support Files/Pods-2048Tests/Pods-2048Tests.debug.xcconfig"; sourceTree = "<group>"; };
		7935F1D624D4B4F70060C16F /* ColorExtension.swift */ = {isa = PBXFileReference; fileEncoding = 4; lastKnownFileType = sourcecode.swift; path = ColorExtension.swift; sourceTree = "<group>"; };
		7935F1D824D4B51D0060C16F /* UIColorExtension.swift */ = {isa = PBXFileReference; fileEncoding = 4; lastKnownFileType = sourcecode.swift; path = UIColorExtension.swift; sourceTree = "<group>"; };
		7935F1DA24D4B5230060C16F /* LinearGradientExtension.swift */ = {isa = PBXFileReference; fileEncoding = 4; lastKnownFileType = sourcecode.swift; path = LinearGradientExtension.swift; sourceTree = "<group>"; };
		793BC03524D81562009539D3 /* View+Borders.swift */ = {isa = PBXFileReference; lastKnownFileType = sourcecode.swift; path = "View+Borders.swift"; sourceTree = "<group>"; };
		793BC03724D82756009539D3 /* View+InverseMask.swift */ = {isa = PBXFileReference; lastKnownFileType = sourcecode.swift; path = "View+InverseMask.swift"; sourceTree = "<group>"; };
		7948C97824D2EFC3000288EE /* TileView.swift */ = {isa = PBXFileReference; lastKnownFileType = sourcecode.swift; path = TileView.swift; sourceTree = "<group>"; };
		796EB35824D44703003A726D /* Array+IndexesOf.swift */ = {isa = PBXFileReference; lastKnownFileType = sourcecode.swift; path = "Array+IndexesOf.swift"; sourceTree = "<group>"; };
		796EB35A24D46B57003A726D /* Record.swift */ = {isa = PBXFileReference; lastKnownFileType = sourcecode.swift; path = Record.swift; sourceTree = "<group>"; };
		7982668A24D9868C002F7FC3 /* pt-BR */ = {isa = PBXFileReference; lastKnownFileType = text.plist.strings; name = "pt-BR"; path = "pt-BR.lproj/Localizable.strings"; sourceTree = "<group>"; };
		7982668D24D98691002F7FC3 /* en */ = {isa = PBXFileReference; lastKnownFileType = text.plist.strings; name = en; path = en.lproj/Localizable.strings; sourceTree = "<group>"; };
		79918C5B24D95E5000E92D35 /* Loading.swift */ = {isa = PBXFileReference; lastKnownFileType = sourcecode.swift; path = Loading.swift; sourceTree = "<group>"; };
		79B3765224D1A48D0022D036 /* 2048.app */ = {isa = PBXFileReference; explicitFileType = wrapper.application; includeInIndex = 0; path = 2048.app; sourceTree = BUILT_PRODUCTS_DIR; };
		79B3765524D1A48D0022D036 /* 2048App.swift */ = {isa = PBXFileReference; lastKnownFileType = sourcecode.swift; path = 2048App.swift; sourceTree = "<group>"; };
		79B3765724D1A48D0022D036 /* MainScreen.swift */ = {isa = PBXFileReference; lastKnownFileType = sourcecode.swift; path = MainScreen.swift; sourceTree = "<group>"; };
		79B3765924D1A4900022D036 /* Assets.xcassets */ = {isa = PBXFileReference; lastKnownFileType = folder.assetcatalog; path = Assets.xcassets; sourceTree = "<group>"; };
		79B3765C24D1A4900022D036 /* Preview Assets.xcassets */ = {isa = PBXFileReference; lastKnownFileType = folder.assetcatalog; path = "Preview Assets.xcassets"; sourceTree = "<group>"; };
		79B3765E24D1A4900022D036 /* Info.plist */ = {isa = PBXFileReference; lastKnownFileType = text.plist.xml; path = Info.plist; sourceTree = "<group>"; };
		79B3766324D1A4910022D036 /* 2048Tests.xctest */ = {isa = PBXFileReference; explicitFileType = wrapper.cfbundle; includeInIndex = 0; path = 2048Tests.xctest; sourceTree = BUILT_PRODUCTS_DIR; };
		79B3766724D1A4910022D036 /* _048Tests.swift */ = {isa = PBXFileReference; lastKnownFileType = sourcecode.swift; path = _048Tests.swift; sourceTree = "<group>"; };
		79B3766924D1A4910022D036 /* Info.plist */ = {isa = PBXFileReference; lastKnownFileType = text.plist.xml; path = Info.plist; sourceTree = "<group>"; };
		79B3766E24D1A4910022D036 /* 2048UITests.xctest */ = {isa = PBXFileReference; explicitFileType = wrapper.cfbundle; includeInIndex = 0; path = 2048UITests.xctest; sourceTree = BUILT_PRODUCTS_DIR; };
		79B3767224D1A4910022D036 /* _048UITests.swift */ = {isa = PBXFileReference; lastKnownFileType = sourcecode.swift; path = _048UITests.swift; sourceTree = "<group>"; };
		79B3767424D1A4910022D036 /* Info.plist */ = {isa = PBXFileReference; lastKnownFileType = text.plist.xml; path = Info.plist; sourceTree = "<group>"; };
		79B3768124D1B93A0022D036 /* Board.swift */ = {isa = PBXFileReference; lastKnownFileType = sourcecode.swift; path = Board.swift; sourceTree = "<group>"; };
		79B3768324D1B9480022D036 /* Tile.swift */ = {isa = PBXFileReference; lastKnownFileType = sourcecode.swift; path = Tile.swift; sourceTree = "<group>"; };
		79B3768624D1B9680022D036 /* GameEngine.swift */ = {isa = PBXFileReference; lastKnownFileType = sourcecode.swift; path = GameEngine.swift; sourceTree = "<group>"; };
		79CC301E24D31DB100C224E6 /* LeaderBoard.swift */ = {isa = PBXFileReference; lastKnownFileType = sourcecode.swift; path = LeaderBoard.swift; sourceTree = "<group>"; };
		79CC302024D31E8100C224E6 /* OptionsScreen.swift */ = {isa = PBXFileReference; lastKnownFileType = sourcecode.swift; path = OptionsScreen.swift; sourceTree = "<group>"; };
		7EA323A66E609A25CF375C29 /* Pods-2048Tests.release.xcconfig */ = {isa = PBXFileReference; includeInIndex = 1; lastKnownFileType = text.xcconfig; name = "Pods-2048Tests.release.xcconfig"; path = "Target Support Files/Pods-2048Tests/Pods-2048Tests.release.xcconfig"; sourceTree = "<group>"; };
		C27F2A170108ACE5A8BC6CD4 /* Pods_2048Tests.framework */ = {isa = PBXFileReference; explicitFileType = wrapper.framework; includeInIndex = 0; path = Pods_2048Tests.framework; sourceTree = BUILT_PRODUCTS_DIR; };
		C87AD2496F92D5B9A5DBDE74 /* Pods-2048.release.xcconfig */ = {isa = PBXFileReference; includeInIndex = 1; lastKnownFileType = text.xcconfig; name = "Pods-2048.release.xcconfig"; path = "Target Support Files/Pods-2048/Pods-2048.release.xcconfig"; sourceTree = "<group>"; };
		D3FEA27BADE50D06EA0B8771 /* Pods-2048.debug.xcconfig */ = {isa = PBXFileReference; includeInIndex = 1; lastKnownFileType = text.xcconfig; name = "Pods-2048.debug.xcconfig"; path = "Target Support Files/Pods-2048/Pods-2048.debug.xcconfig"; sourceTree = "<group>"; };
		F894B6A9744F0221A6AE8234 /* Pods_2048_2048UITests.framework */ = {isa = PBXFileReference; explicitFileType = wrapper.framework; includeInIndex = 0; path = Pods_2048_2048UITests.framework; sourceTree = BUILT_PRODUCTS_DIR; };
/* End PBXFileReference section */

/* Begin PBXFrameworksBuildPhase section */
		79B3764F24D1A48D0022D036 /* Frameworks */ = {
			isa = PBXFrameworksBuildPhase;
			buildActionMask = 2147483647;
			files = (
				EACDB890D2A3FC008C0420BF /* Pods_2048.framework in Frameworks */,
			);
			runOnlyForDeploymentPostprocessing = 0;
		};
		79B3766024D1A4910022D036 /* Frameworks */ = {
			isa = PBXFrameworksBuildPhase;
			buildActionMask = 2147483647;
			files = (
				B12E9C2E138749223F61A78B /* Pods_2048Tests.framework in Frameworks */,
			);
			runOnlyForDeploymentPostprocessing = 0;
		};
		79B3766B24D1A4910022D036 /* Frameworks */ = {
			isa = PBXFrameworksBuildPhase;
			buildActionMask = 2147483647;
			files = (
				B6FD5B590B6574DC0707BF06 /* Pods_2048_2048UITests.framework in Frameworks */,
			);
			runOnlyForDeploymentPostprocessing = 0;
		};
/* End PBXFrameworksBuildPhase section */

/* Begin PBXGroup section */
		2E4BF23372188AB495FBD894 /* Pods */ = {
			isa = PBXGroup;
			children = (
				D3FEA27BADE50D06EA0B8771 /* Pods-2048.debug.xcconfig */,
				C87AD2496F92D5B9A5DBDE74 /* Pods-2048.release.xcconfig */,
				36F006C2EB618AF192579FD0 /* Pods-2048-2048UITests.debug.xcconfig */,
				00E8776D41CD46F877336AA7 /* Pods-2048-2048UITests.release.xcconfig */,
				6825FDE4BCB9CC8FB858AF2C /* Pods-2048Tests.debug.xcconfig */,
				7EA323A66E609A25CF375C29 /* Pods-2048Tests.release.xcconfig */,
			);
			path = Pods;
			sourceTree = "<group>";
		};
		57670D5F38E55699D18E2631 /* Frameworks */ = {
			isa = PBXGroup;
			children = (
				3C78FEA7BD13BB752A4E6C5F /* Pods_2048.framework */,
				F894B6A9744F0221A6AE8234 /* Pods_2048_2048UITests.framework */,
				C27F2A170108ACE5A8BC6CD4 /* Pods_2048Tests.framework */,
			);
			name = Frameworks;
			sourceTree = "<group>";
		};
		7948C97A24D314CE000288EE /* Views */ = {
			isa = PBXGroup;
			children = (
				79918C5B24D95E5000E92D35 /* Loading.swift */,
				79B3765724D1A48D0022D036 /* MainScreen.swift */,
				79CC302024D31E8100C224E6 /* OptionsScreen.swift */,
				79CC301E24D31DB100C224E6 /* LeaderBoard.swift */,
				7948C97824D2EFC3000288EE /* TileView.swift */,
			);
			path = Views;
			sourceTree = "<group>";
		};
		796EB35724D446E0003A726D /* Extensions */ = {
			isa = PBXGroup;
			children = (
				793BC03524D81562009539D3 /* View+Borders.swift */,
				796EB35824D44703003A726D /* Array+IndexesOf.swift */,
				7935F1D824D4B51D0060C16F /* UIColorExtension.swift */,
				7935F1D624D4B4F70060C16F /* ColorExtension.swift */,
				7935F1DA24D4B5230060C16F /* LinearGradientExtension.swift */,
				793BC03724D82756009539D3 /* View+InverseMask.swift */,
			);
			path = Extensions;
			sourceTree = "<group>";
		};
		7982668624D985AB002F7FC3 /* Localization */ = {
			isa = PBXGroup;
			children = (
				7982668B24D9868C002F7FC3 /* Localizable.strings */,
				7982668E24D98691002F7FC3 /* Localizable.strings */,
			);
			path = Localization;
			sourceTree = "<group>";
		};
		79B3764924D1A48D0022D036 = {
			isa = PBXGroup;
			children = (
				79B3765424D1A48D0022D036 /* 2048 */,
				79B3766624D1A4910022D036 /* 2048Tests */,
				79B3767124D1A4910022D036 /* 2048UITests */,
				79B3765324D1A48D0022D036 /* Products */,
				2E4BF23372188AB495FBD894 /* Pods */,
				57670D5F38E55699D18E2631 /* Frameworks */,
			);
			sourceTree = "<group>";
		};
		79B3765324D1A48D0022D036 /* Products */ = {
			isa = PBXGroup;
			children = (
				79B3765224D1A48D0022D036 /* 2048.app */,
				79B3766324D1A4910022D036 /* 2048Tests.xctest */,
				79B3766E24D1A4910022D036 /* 2048UITests.xctest */,
			);
			name = Products;
			sourceTree = "<group>";
		};
		79B3765424D1A48D0022D036 /* 2048 */ = {
			isa = PBXGroup;
			children = (
				79B3765524D1A48D0022D036 /* 2048App.swift */,
				7948C97A24D314CE000288EE /* Views */,
				79B3768524D1B95D0022D036 /* GameEngine */,
				79B3768024D1B9260022D036 /* Model */,
				79B3765924D1A4900022D036 /* Assets.xcassets */,
				79B3765E24D1A4900022D036 /* Info.plist */,
				7982668624D985AB002F7FC3 /* Localization */,
				796EB35724D446E0003A726D /* Extensions */,
				79B3765B24D1A4900022D036 /* Preview Content */,
			);
			path = 2048;
			sourceTree = "<group>";
		};
		79B3765B24D1A4900022D036 /* Preview Content */ = {
			isa = PBXGroup;
			children = (
				79B3765C24D1A4900022D036 /* Preview Assets.xcassets */,
			);
			path = "Preview Content";
			sourceTree = "<group>";
		};
		79B3766624D1A4910022D036 /* 2048Tests */ = {
			isa = PBXGroup;
			children = (
				79B3766724D1A4910022D036 /* _048Tests.swift */,
				79B3766924D1A4910022D036 /* Info.plist */,
			);
			path = 2048Tests;
			sourceTree = "<group>";
		};
		79B3767124D1A4910022D036 /* 2048UITests */ = {
			isa = PBXGroup;
			children = (
				79B3767224D1A4910022D036 /* _048UITests.swift */,
				79B3767424D1A4910022D036 /* Info.plist */,
			);
			path = 2048UITests;
			sourceTree = "<group>";
		};
		79B3768024D1B9260022D036 /* Model */ = {
			isa = PBXGroup;
			children = (
				79B3768124D1B93A0022D036 /* Board.swift */,
				796EB35A24D46B57003A726D /* Record.swift */,
				79B3768324D1B9480022D036 /* Tile.swift */,
			);
			path = Model;
			sourceTree = "<group>";
		};
		79B3768524D1B95D0022D036 /* GameEngine */ = {
			isa = PBXGroup;
			children = (
				79B3768624D1B9680022D036 /* GameEngine.swift */,
			);
			path = GameEngine;
			sourceTree = "<group>";
		};
/* End PBXGroup section */

/* Begin PBXNativeTarget section */
		79B3765124D1A48D0022D036 /* 2048 */ = {
			isa = PBXNativeTarget;
			buildConfigurationList = 79B3767724D1A4910022D036 /* Build configuration list for PBXNativeTarget "2048" */;
			buildPhases = (
				0058F26E9427F901AA511AC7 /* [CP] Check Pods Manifest.lock */,
				79B3764E24D1A48D0022D036 /* Sources */,
				79B3764F24D1A48D0022D036 /* Frameworks */,
				79B3765024D1A48D0022D036 /* Resources */,
				792F14AE24D42BF2004E66E0 /* ShellScript */,
			);
			buildRules = (
			);
			dependencies = (
			);
			name = 2048;
			productName = 2048;
			productReference = 79B3765224D1A48D0022D036 /* 2048.app */;
			productType = "com.apple.product-type.application";
		};
		79B3766224D1A4910022D036 /* 2048Tests */ = {
			isa = PBXNativeTarget;
			buildConfigurationList = 79B3767A24D1A4910022D036 /* Build configuration list for PBXNativeTarget "2048Tests" */;
			buildPhases = (
				C0B40B1F7FB4490FD6B1B56B /* [CP] Check Pods Manifest.lock */,
				79B3765F24D1A4910022D036 /* Sources */,
				79B3766024D1A4910022D036 /* Frameworks */,
				79B3766124D1A4910022D036 /* Resources */,
			);
			buildRules = (
			);
			dependencies = (
				79B3766524D1A4910022D036 /* PBXTargetDependency */,
			);
			name = 2048Tests;
			productName = 2048Tests;
			productReference = 79B3766324D1A4910022D036 /* 2048Tests.xctest */;
			productType = "com.apple.product-type.bundle.unit-test";
		};
		79B3766D24D1A4910022D036 /* 2048UITests */ = {
			isa = PBXNativeTarget;
			buildConfigurationList = 79B3767D24D1A4910022D036 /* Build configuration list for PBXNativeTarget "2048UITests" */;
			buildPhases = (
				96546B5D612BEDDC673C81FB /* [CP] Check Pods Manifest.lock */,
				79B3766A24D1A4910022D036 /* Sources */,
				79B3766B24D1A4910022D036 /* Frameworks */,
				79B3766C24D1A4910022D036 /* Resources */,
			);
			buildRules = (
			);
			dependencies = (
				79B3767024D1A4910022D036 /* PBXTargetDependency */,
			);
			name = 2048UITests;
			productName = 2048UITests;
			productReference = 79B3766E24D1A4910022D036 /* 2048UITests.xctest */;
			productType = "com.apple.product-type.bundle.ui-testing";
		};
/* End PBXNativeTarget section */

/* Begin PBXProject section */
		79B3764A24D1A48D0022D036 /* Project object */ = {
			isa = PBXProject;
			attributes = {
				LastSwiftUpdateCheck = 1200;
				LastUpgradeCheck = 1240;
				TargetAttributes = {
					79B3765124D1A48D0022D036 = {
						CreatedOnToolsVersion = 12.0;
					};
					79B3766224D1A4910022D036 = {
						CreatedOnToolsVersion = 12.0;
						TestTargetID = 79B3765124D1A48D0022D036;
					};
					79B3766D24D1A4910022D036 = {
						CreatedOnToolsVersion = 12.0;
						TestTargetID = 79B3765124D1A48D0022D036;
					};
				};
			};
			buildConfigurationList = 79B3764D24D1A48D0022D036 /* Build configuration list for PBXProject "2048" */;
			compatibilityVersion = "Xcode 9.3";
			developmentRegion = en;
			hasScannedForEncodings = 0;
			knownRegions = (
				en,
				Base,
				"pt-BR",
			);
			mainGroup = 79B3764924D1A48D0022D036;
			productRefGroup = 79B3765324D1A48D0022D036 /* Products */;
			projectDirPath = "";
			projectRoot = "";
			targets = (
				79B3765124D1A48D0022D036 /* 2048 */,
				79B3766224D1A4910022D036 /* 2048Tests */,
				79B3766D24D1A4910022D036 /* 2048UITests */,
			);
		};
/* End PBXProject section */

/* Begin PBXResourcesBuildPhase section */
		79B3765024D1A48D0022D036 /* Resources */ = {
			isa = PBXResourcesBuildPhase;
			buildActionMask = 2147483647;
			files = (
				79B3765D24D1A4900022D036 /* Preview Assets.xcassets in Resources */,
				7982668C24D98691002F7FC3 /* Localizable.strings in Resources */,
				7982668924D9868C002F7FC3 /* Localizable.strings in Resources */,
				79B3765A24D1A4900022D036 /* Assets.xcassets in Resources */,
			);
			runOnlyForDeploymentPostprocessing = 0;
		};
		79B3766124D1A4910022D036 /* Resources */ = {
			isa = PBXResourcesBuildPhase;
			buildActionMask = 2147483647;
			files = (
			);
			runOnlyForDeploymentPostprocessing = 0;
		};
		79B3766C24D1A4910022D036 /* Resources */ = {
			isa = PBXResourcesBuildPhase;
			buildActionMask = 2147483647;
			files = (
			);
			runOnlyForDeploymentPostprocessing = 0;
		};
/* End PBXResourcesBuildPhase section */

/* Begin PBXShellScriptBuildPhase section */
		0058F26E9427F901AA511AC7 /* [CP] Check Pods Manifest.lock */ = {
			isa = PBXShellScriptBuildPhase;
			buildActionMask = 2147483647;
			files = (
			);
			inputFileListPaths = (
			);
			inputPaths = (
				"${PODS_PODFILE_DIR_PATH}/Podfile.lock",
				"${PODS_ROOT}/Manifest.lock",
			);
			name = "[CP] Check Pods Manifest.lock";
			outputFileListPaths = (
			);
			outputPaths = (
				"$(DERIVED_FILE_DIR)/Pods-2048-checkManifestLockResult.txt",
			);
			runOnlyForDeploymentPostprocessing = 0;
			shellPath = /bin/sh;
			shellScript = "diff \"${PODS_PODFILE_DIR_PATH}/Podfile.lock\" \"${PODS_ROOT}/Manifest.lock\" > /dev/null\nif [ $? != 0 ] ; then\n    # print error to STDERR\n    echo \"error: The sandbox is not in sync with the Podfile.lock. Run 'pod install' or update your CocoaPods installation.\" >&2\n    exit 1\nfi\n# This output is used by Xcode 'outputs' to avoid re-running this script phase.\necho \"SUCCESS\" > \"${SCRIPT_OUTPUT_FILE_0}\"\n";
			showEnvVarsInLog = 0;
		};
		792F14AE24D42BF2004E66E0 /* ShellScript */ = {
			isa = PBXShellScriptBuildPhase;
			buildActionMask = 2147483647;
			files = (
			);
			inputFileListPaths = (
			);
			inputPaths = (
			);
			outputFileListPaths = (
			);
			outputPaths = (
			);
			runOnlyForDeploymentPostprocessing = 0;
			shellPath = /bin/sh;
			shellScript = "# Type a script or drag a script file from your workspace to insert its path.\n\"${PODS_ROOT}/SwiftLint/swiftlint\"\n";
		};
		96546B5D612BEDDC673C81FB /* [CP] Check Pods Manifest.lock */ = {
			isa = PBXShellScriptBuildPhase;
			buildActionMask = 2147483647;
			files = (
			);
			inputFileListPaths = (
			);
			inputPaths = (
				"${PODS_PODFILE_DIR_PATH}/Podfile.lock",
				"${PODS_ROOT}/Manifest.lock",
			);
			name = "[CP] Check Pods Manifest.lock";
			outputFileListPaths = (
			);
			outputPaths = (
				"$(DERIVED_FILE_DIR)/Pods-2048-2048UITests-checkManifestLockResult.txt",
			);
			runOnlyForDeploymentPostprocessing = 0;
			shellPath = /bin/sh;
			shellScript = "diff \"${PODS_PODFILE_DIR_PATH}/Podfile.lock\" \"${PODS_ROOT}/Manifest.lock\" > /dev/null\nif [ $? != 0 ] ; then\n    # print error to STDERR\n    echo \"error: The sandbox is not in sync with the Podfile.lock. Run 'pod install' or update your CocoaPods installation.\" >&2\n    exit 1\nfi\n# This output is used by Xcode 'outputs' to avoid re-running this script phase.\necho \"SUCCESS\" > \"${SCRIPT_OUTPUT_FILE_0}\"\n";
			showEnvVarsInLog = 0;
		};
		C0B40B1F7FB4490FD6B1B56B /* [CP] Check Pods Manifest.lock */ = {
			isa = PBXShellScriptBuildPhase;
			buildActionMask = 2147483647;
			files = (
			);
			inputFileListPaths = (
			);
			inputPaths = (
				"${PODS_PODFILE_DIR_PATH}/Podfile.lock",
				"${PODS_ROOT}/Manifest.lock",
			);
			name = "[CP] Check Pods Manifest.lock";
			outputFileListPaths = (
			);
			outputPaths = (
				"$(DERIVED_FILE_DIR)/Pods-2048Tests-checkManifestLockResult.txt",
			);
			runOnlyForDeploymentPostprocessing = 0;
			shellPath = /bin/sh;
			shellScript = "diff \"${PODS_PODFILE_DIR_PATH}/Podfile.lock\" \"${PODS_ROOT}/Manifest.lock\" > /dev/null\nif [ $? != 0 ] ; then\n    # print error to STDERR\n    echo \"error: The sandbox is not in sync with the Podfile.lock. Run 'pod install' or update your CocoaPods installation.\" >&2\n    exit 1\nfi\n# This output is used by Xcode 'outputs' to avoid re-running this script phase.\necho \"SUCCESS\" > \"${SCRIPT_OUTPUT_FILE_0}\"\n";
			showEnvVarsInLog = 0;
		};
/* End PBXShellScriptBuildPhase section */

/* Begin PBXSourcesBuildPhase section */
		79B3764E24D1A48D0022D036 /* Sources */ = {
			isa = PBXSourcesBuildPhase;
			buildActionMask = 2147483647;
			files = (
				79CC301F24D31DB100C224E6 /* LeaderBoard.swift in Sources */,
				79B3768724D1B9680022D036 /* GameEngine.swift in Sources */,
				796EB35B24D46B57003A726D /* Record.swift in Sources */,
				79CC302124D31E8100C224E6 /* OptionsScreen.swift in Sources */,
				79B3765824D1A48D0022D036 /* MainScreen.swift in Sources */,
				79B3765624D1A48D0022D036 /* 2048App.swift in Sources */,
				79918C5C24D95E5000E92D35 /* Loading.swift in Sources */,
				793BC03624D81562009539D3 /* View+Borders.swift in Sources */,
				7935F1DB24D4B5230060C16F /* LinearGradientExtension.swift in Sources */,
				79B3768224D1B93A0022D036 /* Board.swift in Sources */,
				7948C97924D2EFC3000288EE /* TileView.swift in Sources */,
				793BC03824D82756009539D3 /* View+InverseMask.swift in Sources */,
				79B3768424D1B9480022D036 /* Tile.swift in Sources */,
				7935F1D724D4B4F70060C16F /* ColorExtension.swift in Sources */,
				796EB35924D44703003A726D /* Array+IndexesOf.swift in Sources */,
				7935F1D924D4B51D0060C16F /* UIColorExtension.swift in Sources */,
			);
			runOnlyForDeploymentPostprocessing = 0;
		};
		79B3765F24D1A4910022D036 /* Sources */ = {
			isa = PBXSourcesBuildPhase;
			buildActionMask = 2147483647;
			files = (
				79B3766824D1A4910022D036 /* _048Tests.swift in Sources */,
			);
			runOnlyForDeploymentPostprocessing = 0;
		};
		79B3766A24D1A4910022D036 /* Sources */ = {
			isa = PBXSourcesBuildPhase;
			buildActionMask = 2147483647;
			files = (
				79B3767324D1A4910022D036 /* _048UITests.swift in Sources */,
			);
			runOnlyForDeploymentPostprocessing = 0;
		};
/* End PBXSourcesBuildPhase section */

/* Begin PBXTargetDependency section */
		79B3766524D1A4910022D036 /* PBXTargetDependency */ = {
			isa = PBXTargetDependency;
			target = 79B3765124D1A48D0022D036 /* 2048 */;
			targetProxy = 79B3766424D1A4910022D036 /* PBXContainerItemProxy */;
		};
		79B3767024D1A4910022D036 /* PBXTargetDependency */ = {
			isa = PBXTargetDependency;
			target = 79B3765124D1A48D0022D036 /* 2048 */;
			targetProxy = 79B3766F24D1A4910022D036 /* PBXContainerItemProxy */;
		};
/* End PBXTargetDependency section */

/* Begin PBXVariantGroup section */
		7982668B24D9868C002F7FC3 /* Localizable.strings */ = {
			isa = PBXVariantGroup;
			children = (
				7982668A24D9868C002F7FC3 /* pt-BR */,
			);
			name = Localizable.strings;
			sourceTree = "<group>";
		};
		7982668E24D98691002F7FC3 /* Localizable.strings */ = {
			isa = PBXVariantGroup;
			children = (
				7982668D24D98691002F7FC3 /* en */,
			);
			name = Localizable.strings;
			sourceTree = "<group>";
		};
/* End PBXVariantGroup section */

/* Begin XCBuildConfiguration section */
		79B3767524D1A4910022D036 /* Debug */ = {
			isa = XCBuildConfiguration;
			buildSettings = {
				ALWAYS_SEARCH_USER_PATHS = NO;
				CLANG_ANALYZER_LOCALIZABILITY_NONLOCALIZED = YES;
				CLANG_ANALYZER_NONNULL = YES;
				CLANG_ANALYZER_NUMBER_OBJECT_CONVERSION = YES_AGGRESSIVE;
				CLANG_CXX_LANGUAGE_STANDARD = "gnu++14";
				CLANG_CXX_LIBRARY = "libc++";
				CLANG_ENABLE_MODULES = YES;
				CLANG_ENABLE_OBJC_ARC = YES;
				CLANG_ENABLE_OBJC_WEAK = YES;
				CLANG_WARN_BLOCK_CAPTURE_AUTORELEASING = YES;
				CLANG_WARN_BOOL_CONVERSION = YES;
				CLANG_WARN_COMMA = YES;
				CLANG_WARN_CONSTANT_CONVERSION = YES;
				CLANG_WARN_DEPRECATED_OBJC_IMPLEMENTATIONS = YES;
				CLANG_WARN_DIRECT_OBJC_ISA_USAGE = YES_ERROR;
				CLANG_WARN_DOCUMENTATION_COMMENTS = YES;
				CLANG_WARN_EMPTY_BODY = YES;
				CLANG_WARN_ENUM_CONVERSION = YES;
				CLANG_WARN_INFINITE_RECURSION = YES;
				CLANG_WARN_INT_CONVERSION = YES;
				CLANG_WARN_NON_LITERAL_NULL_CONVERSION = YES;
				CLANG_WARN_OBJC_IMPLICIT_RETAIN_SELF = YES;
				CLANG_WARN_OBJC_LITERAL_CONVERSION = YES;
				CLANG_WARN_OBJC_ROOT_CLASS = YES_ERROR;
				CLANG_WARN_QUOTED_INCLUDE_IN_FRAMEWORK_HEADER = YES;
				CLANG_WARN_RANGE_LOOP_ANALYSIS = YES;
				CLANG_WARN_STRICT_PROTOTYPES = YES;
				CLANG_WARN_SUSPICIOUS_MOVE = YES;
				CLANG_WARN_UNGUARDED_AVAILABILITY = YES_AGGRESSIVE;
				CLANG_WARN_UNREACHABLE_CODE = YES;
				CLANG_WARN__DUPLICATE_METHOD_MATCH = YES;
				COPY_PHASE_STRIP = NO;
				DEBUG_INFORMATION_FORMAT = dwarf;
				ENABLE_STRICT_OBJC_MSGSEND = YES;
				ENABLE_TESTABILITY = YES;
				GCC_C_LANGUAGE_STANDARD = gnu11;
				GCC_DYNAMIC_NO_PIC = NO;
				GCC_NO_COMMON_BLOCKS = YES;
				GCC_OPTIMIZATION_LEVEL = 0;
				GCC_PREPROCESSOR_DEFINITIONS = (
					"DEBUG=1",
					"$(inherited)",
				);
				GCC_WARN_64_TO_32_BIT_CONVERSION = YES;
				GCC_WARN_ABOUT_RETURN_TYPE = YES_ERROR;
				GCC_WARN_UNDECLARED_SELECTOR = YES;
				GCC_WARN_UNINITIALIZED_AUTOS = YES_AGGRESSIVE;
				GCC_WARN_UNUSED_FUNCTION = YES;
				GCC_WARN_UNUSED_VARIABLE = YES;
				IPHONEOS_DEPLOYMENT_TARGET = 14.0;
				MTL_ENABLE_DEBUG_INFO = INCLUDE_SOURCE;
				MTL_FAST_MATH = YES;
				ONLY_ACTIVE_ARCH = YES;
				SDKROOT = iphoneos;
				SWIFT_ACTIVE_COMPILATION_CONDITIONS = DEBUG;
				SWIFT_OPTIMIZATION_LEVEL = "-Onone";
			};
			name = Debug;
		};
		79B3767624D1A4910022D036 /* Release */ = {
			isa = XCBuildConfiguration;
			buildSettings = {
				ALWAYS_SEARCH_USER_PATHS = NO;
				CLANG_ANALYZER_LOCALIZABILITY_NONLOCALIZED = YES;
				CLANG_ANALYZER_NONNULL = YES;
				CLANG_ANALYZER_NUMBER_OBJECT_CONVERSION = YES_AGGRESSIVE;
				CLANG_CXX_LANGUAGE_STANDARD = "gnu++14";
				CLANG_CXX_LIBRARY = "libc++";
				CLANG_ENABLE_MODULES = YES;
				CLANG_ENABLE_OBJC_ARC = YES;
				CLANG_ENABLE_OBJC_WEAK = YES;
				CLANG_WARN_BLOCK_CAPTURE_AUTORELEASING = YES;
				CLANG_WARN_BOOL_CONVERSION = YES;
				CLANG_WARN_COMMA = YES;
				CLANG_WARN_CONSTANT_CONVERSION = YES;
				CLANG_WARN_DEPRECATED_OBJC_IMPLEMENTATIONS = YES;
				CLANG_WARN_DIRECT_OBJC_ISA_USAGE = YES_ERROR;
				CLANG_WARN_DOCUMENTATION_COMMENTS = YES;
				CLANG_WARN_EMPTY_BODY = YES;
				CLANG_WARN_ENUM_CONVERSION = YES;
				CLANG_WARN_INFINITE_RECURSION = YES;
				CLANG_WARN_INT_CONVERSION = YES;
				CLANG_WARN_NON_LITERAL_NULL_CONVERSION = YES;
				CLANG_WARN_OBJC_IMPLICIT_RETAIN_SELF = YES;
				CLANG_WARN_OBJC_LITERAL_CONVERSION = YES;
				CLANG_WARN_OBJC_ROOT_CLASS = YES_ERROR;
				CLANG_WARN_QUOTED_INCLUDE_IN_FRAMEWORK_HEADER = YES;
				CLANG_WARN_RANGE_LOOP_ANALYSIS = YES;
				CLANG_WARN_STRICT_PROTOTYPES = YES;
				CLANG_WARN_SUSPICIOUS_MOVE = YES;
				CLANG_WARN_UNGUARDED_AVAILABILITY = YES_AGGRESSIVE;
				CLANG_WARN_UNREACHABLE_CODE = YES;
				CLANG_WARN__DUPLICATE_METHOD_MATCH = YES;
				COPY_PHASE_STRIP = NO;
				DEBUG_INFORMATION_FORMAT = "dwarf-with-dsym";
				ENABLE_NS_ASSERTIONS = NO;
				ENABLE_STRICT_OBJC_MSGSEND = YES;
				GCC_C_LANGUAGE_STANDARD = gnu11;
				GCC_NO_COMMON_BLOCKS = YES;
				GCC_WARN_64_TO_32_BIT_CONVERSION = YES;
				GCC_WARN_ABOUT_RETURN_TYPE = YES_ERROR;
				GCC_WARN_UNDECLARED_SELECTOR = YES;
				GCC_WARN_UNINITIALIZED_AUTOS = YES_AGGRESSIVE;
				GCC_WARN_UNUSED_FUNCTION = YES;
				GCC_WARN_UNUSED_VARIABLE = YES;
				IPHONEOS_DEPLOYMENT_TARGET = 14.0;
				MTL_ENABLE_DEBUG_INFO = NO;
				MTL_FAST_MATH = YES;
				SDKROOT = iphoneos;
				SWIFT_COMPILATION_MODE = wholemodule;
				SWIFT_OPTIMIZATION_LEVEL = "-O";
				VALIDATE_PRODUCT = YES;
			};
			name = Release;
		};
		79B3767824D1A4910022D036 /* Debug */ = {
			isa = XCBuildConfiguration;
			baseConfigurationReference = D3FEA27BADE50D06EA0B8771 /* Pods-2048.debug.xcconfig */;
			buildSettings = {
				ASSETCATALOG_COMPILER_APPICON_NAME = AppIcon;
				ASSETCATALOG_COMPILER_GLOBAL_ACCENT_COLOR_NAME = AccentColor;
				CODE_SIGN_STYLE = Automatic;
				DEVELOPMENT_ASSET_PATHS = "\"2048/Preview Content\"";
				DEVELOPMENT_TEAM = L2BC5TCSR5;
				ENABLE_PREVIEWS = YES;
				INFOPLIST_FILE = 2048/Info.plist;
				IPHONEOS_DEPLOYMENT_TARGET = 14.0;
				LD_RUNPATH_SEARCH_PATHS = (
					"$(inherited)",
					"@executable_path/Frameworks",
				);
				PRODUCT_BUNDLE_IDENTIFIER = "com.garageminfinita.-048";
				PRODUCT_NAME = "$(TARGET_NAME)";
				SWIFT_VERSION = 5.0;
				TARGETED_DEVICE_FAMILY = "1,2";
			};
			name = Debug;
		};
		79B3767924D1A4910022D036 /* Release */ = {
			isa = XCBuildConfiguration;
			baseConfigurationReference = C87AD2496F92D5B9A5DBDE74 /* Pods-2048.release.xcconfig */;
			buildSettings = {
				ASSETCATALOG_COMPILER_APPICON_NAME = AppIcon;
				ASSETCATALOG_COMPILER_GLOBAL_ACCENT_COLOR_NAME = AccentColor;
				CODE_SIGN_STYLE = Automatic;
				DEVELOPMENT_ASSET_PATHS = "\"2048/Preview Content\"";
				DEVELOPMENT_TEAM = L2BC5TCSR5;
				ENABLE_PREVIEWS = YES;
				INFOPLIST_FILE = 2048/Info.plist;
				IPHONEOS_DEPLOYMENT_TARGET = 14.0;
				LD_RUNPATH_SEARCH_PATHS = (
					"$(inherited)",
					"@executable_path/Frameworks",
				);
				PRODUCT_BUNDLE_IDENTIFIER = "com.garageminfinita.-048";
				PRODUCT_NAME = "$(TARGET_NAME)";
				SWIFT_VERSION = 5.0;
				TARGETED_DEVICE_FAMILY = "1,2";
			};
			name = Release;
		};
		79B3767B24D1A4910022D036 /* Debug */ = {
			isa = XCBuildConfiguration;
			baseConfigurationReference = 6825FDE4BCB9CC8FB858AF2C /* Pods-2048Tests.debug.xcconfig */;
			buildSettings = {
				ALWAYS_EMBED_SWIFT_STANDARD_LIBRARIES = YES;
				BUNDLE_LOADER = "$(TEST_HOST)";
				CODE_SIGN_STYLE = Automatic;
				DEVELOPMENT_TEAM = L2BC5TCSR5;
				INFOPLIST_FILE = 2048Tests/Info.plist;
				IPHONEOS_DEPLOYMENT_TARGET = 14.0;
				LD_RUNPATH_SEARCH_PATHS = (
					"$(inherited)",
					"@executable_path/Frameworks",
					"@loader_path/Frameworks",
				);
				PRODUCT_BUNDLE_IDENTIFIER = "com.garageminfinita.-048Tests";
				PRODUCT_NAME = "$(TARGET_NAME)";
				SWIFT_VERSION = 5.0;
				TARGETED_DEVICE_FAMILY = "1,2";
				TEST_HOST = "$(BUILT_PRODUCTS_DIR)/2048.app/2048";
			};
			name = Debug;
		};
		79B3767C24D1A4910022D036 /* Release */ = {
			isa = XCBuildConfiguration;
			baseConfigurationReference = 7EA323A66E609A25CF375C29 /* Pods-2048Tests.release.xcconfig */;
			buildSettings = {
				ALWAYS_EMBED_SWIFT_STANDARD_LIBRARIES = YES;
				BUNDLE_LOADER = "$(TEST_HOST)";
				CODE_SIGN_STYLE = Automatic;
				DEVELOPMENT_TEAM = L2BC5TCSR5;
				INFOPLIST_FILE = 2048Tests/Info.plist;
				IPHONEOS_DEPLOYMENT_TARGET = 14.0;
				LD_RUNPATH_SEARCH_PATHS = (
					"$(inherited)",
					"@executable_path/Frameworks",
					"@loader_path/Frameworks",
				);
				PRODUCT_BUNDLE_IDENTIFIER = "com.garageminfinita.-048Tests";
				PRODUCT_NAME = "$(TARGET_NAME)";
				SWIFT_VERSION = 5.0;
				TARGETED_DEVICE_FAMILY = "1,2";
				TEST_HOST = "$(BUILT_PRODUCTS_DIR)/2048.app/2048";
			};
			name = Release;
		};
		79B3767E24D1A4910022D036 /* Debug */ = {
			isa = XCBuildConfiguration;
			baseConfigurationReference = 36F006C2EB618AF192579FD0 /* Pods-2048-2048UITests.debug.xcconfig */;
			buildSettings = {
				ALWAYS_EMBED_SWIFT_STANDARD_LIBRARIES = YES;
				CODE_SIGN_STYLE = Automatic;
				DEVELOPMENT_TEAM = L2BC5TCSR5;
				INFOPLIST_FILE = 2048UITests/Info.plist;
				LD_RUNPATH_SEARCH_PATHS = (
					"$(inherited)",
					"@executable_path/Frameworks",
					"@loader_path/Frameworks",
				);
				PRODUCT_BUNDLE_IDENTIFIER = "com.garageminfinita.-048UITests";
				PRODUCT_NAME = "$(TARGET_NAME)";
				SWIFT_VERSION = 5.0;
				TARGETED_DEVICE_FAMILY = "1,2";
				TEST_TARGET_NAME = 2048;
			};
			name = Debug;
		};
		79B3767F24D1A4910022D036 /* Release */ = {
			isa = XCBuildConfiguration;
			baseConfigurationReference = 00E8776D41CD46F877336AA7 /* Pods-2048-2048UITests.release.xcconfig */;
			buildSettings = {
				ALWAYS_EMBED_SWIFT_STANDARD_LIBRARIES = YES;
				CODE_SIGN_STYLE = Automatic;
				DEVELOPMENT_TEAM = L2BC5TCSR5;
				INFOPLIST_FILE = 2048UITests/Info.plist;
				LD_RUNPATH_SEARCH_PATHS = (
					"$(inherited)",
					"@executable_path/Frameworks",
					"@loader_path/Frameworks",
				);
				PRODUCT_BUNDLE_IDENTIFIER = "com.garageminfinita.-048UITests";
				PRODUCT_NAME = "$(TARGET_NAME)";
				SWIFT_VERSION = 5.0;
				TARGETED_DEVICE_FAMILY = "1,2";
				TEST_TARGET_NAME = 2048;
			};
			name = Release;
		};
/* End XCBuildConfiguration section */

/* Begin XCConfigurationList section */
		79B3764D24D1A48D0022D036 /* Build configuration list for PBXProject "2048" */ = {
			isa = XCConfigurationList;
			buildConfigurations = (
				79B3767524D1A4910022D036 /* Debug */,
				79B3767624D1A4910022D036 /* Release */,
			);
			defaultConfigurationIsVisible = 0;
			defaultConfigurationName = Release;
		};
		79B3767724D1A4910022D036 /* Build configuration list for PBXNativeTarget "2048" */ = {
			isa = XCConfigurationList;
			buildConfigurations = (
				79B3767824D1A4910022D036 /* Debug */,
				79B3767924D1A4910022D036 /* Release */,
			);
			defaultConfigurationIsVisible = 0;
			defaultConfigurationName = Release;
		};
		79B3767A24D1A4910022D036 /* Build configuration list for PBXNativeTarget "2048Tests" */ = {
			isa = XCConfigurationList;
			buildConfigurations = (
				79B3767B24D1A4910022D036 /* Debug */,
				79B3767C24D1A4910022D036 /* Release */,
			);
			defaultConfigurationIsVisible = 0;
			defaultConfigurationName = Release;
		};
		79B3767D24D1A4910022D036 /* Build configuration list for PBXNativeTarget "2048UITests" */ = {
			isa = XCConfigurationList;
			buildConfigurations = (
				79B3767E24D1A4910022D036 /* Debug */,
				79B3767F24D1A4910022D036 /* Release */,
			);
			defaultConfigurationIsVisible = 0;
			defaultConfigurationName = Release;
		};
/* End XCConfigurationList section */
	};
	rootObject = 79B3764A24D1A48D0022D036 /* Project object */;
}
